
Microsoft Visual Studio Solution File, Format Version 11.00
# Visual Studio 2010
Project("{FAE04EC0-301F-11D3-BF4B-00C04F79EFBC}") = "BD2.Chunk.Daemon", "BD2.Chunk.Daemon\BD2.Chunk.Daemon.csproj", "{C60A5077-8EFF-4791-8AA2-89A2EBE58653}"
EndProject
Project("{FAE04EC0-301F-11D3-BF4B-00C04F79EFBC}") = "BD2.Chunk.Daemon.BloomFilter", "BD2.Chunk.Daemon.BloomFilter\BD2.Chunk.Daemon.BloomFilter.csproj", "{8167365B-7849-434A-A5EA-62BE332F523C}"
EndProject
Project("{FAE04EC0-301F-11D3-BF4B-00C04F79EFBC}") = "leveldb-sharp", "leveldb-sharp\leveldb-sharp.csproj", "{8DD96596-38AC-46DD-80C1-75D9EBE585EA}"
EndProject
Project("{FAE04EC0-301F-11D3-BF4B-00C04F79EFBC}") = "BD2.CLI", "BD2.CLI\BD2.CLI.csproj", "{1BDB2273-537B-48F7-9317-1A1B8C6F1C62}"
EndProject
Project("{FAE04EC0-301F-11D3-BF4B-00C04F79EFBC}") = "BD2.Conv.Generic.DataTranslator", "BD2.Conv.Generic.DataTranslator\BD2.Conv.Generic.DataTranslator.csproj", "{0E351074-E71D-449C-990C-93D93953D949}"
EndProject
Project("{FAE04EC0-301F-11D3-BF4B-00C04F79EFBC}") = "BD2.Conv.Generic.TableNameTranslator", "BD2.Conv.Generic.TableNameTranslator\BD2.Conv.Generic.TableNameTranslator.csproj", "{DD766E91-87CB-432F-A0E5-065C5D8ADE30}"
EndProject
Project("{FAE04EC0-301F-11D3-BF4B-00C04F79EFBC}") = "BD2.Conv.Daemon.MSSQL", "BD2.Conv.Daemon.MSSQL\BD2.Conv.Daemon.MSSQL.csproj", "{84598FAA-8E5D-47A9-9463-AFB5A5FAD28F}"
EndProject
Project("{FAE04EC0-301F-11D3-BF4B-00C04F79EFBC}") = "BD2.Frontend.TextStream", "BD2.Frentend.TextStream\BD2.Frontend.TextStream.csproj", "{19E7BB88-BD82-4428-B256-6B8A7C8682B3}"
EndProject
Project("{FAE04EC0-301F-11D3-BF4B-00C04F79EFBC}") = "BD2.Frontend.Table", "BD2.Frontend.Table\BD2.Frontend.Table.csproj", "{285B9E10-0FC7-4D60-9D1D-5068E8963988}"
EndProject
Project("{FAE04EC0-301F-11D3-BF4B-00C04F79EFBC}") = "BD2.Frontend.Table.Linq", "BD2.Frontend.Table.Linq\BD2.Frontend.Table.Linq.csproj", "{F1659C24-EB5A-4980-9891-6FCDE3FB496D}"
EndProject
Project("{FAE04EC0-301F-11D3-BF4B-00C04F79EFBC}") = "BD2.LockManager", "BD2.LockManager\BD2.LockManager.csproj", "{6938747E-45CF-4653-99C8-5D40E436E244}"
EndProject
Project("{FAE04EC0-301F-11D3-BF4B-00C04F79EFBC}") = "BD2.Repo.Net", "BD2.Repo.Net\BD2.Repo.Net.csproj", "{EB2ADDC8-0A70-47DD-881F-B836FD48DE5D}"
EndProject
Project("{FAE04EC0-301F-11D3-BF4B-00C04F79EFBC}") = "BD2.Repo.File", "BD2.Repo.File\BD2.Repo.File.csproj", "{7C75502F-DF43-42E9-95F4-F00B5D3774D3}"
EndProject
Project("{FAE04EC0-301F-11D3-BF4B-00C04F79EFBC}") = "Squad", "Squad\Squad.csproj", "{8179BF44-79F2-4A33-AA38-0872CCCBB85E}"
EndProject
Project("{FAE04EC0-301F-11D3-BF4B-00C04F79EFBC}") = "BD2.Common", "BD2.Common\BD2.Common.csproj", "{FEC92D6C-810E-47D2-A4F1-0E2854DDEB2B}"
EndProject
Project("{FAE04EC0-301F-11D3-BF4B-00C04F79EFBC}") = "BD2.Daemon", "BD2.Daemon\BD2.Daemon.csproj", "{0395A016-3F02-4D16-904D-868CA51EF1B0}"
EndProject
Project("{FAE04EC0-301F-11D3-BF4B-00C04F79EFBC}") = "BD2.Test.Daemon.Chat", "BD2.Test.Daemon.Chat\BD2.Test.Daemon.Chat.csproj", "{128AAEC3-FCA2-4C66-95D5-8A4E3181DEAA}"
EndProject
Project("{FAE04EC0-301F-11D3-BF4B-00C04F79EFBC}") = "BD2.Test.Daemon.FileShare", "BD2.Test.Daemon.FileShare\BD2.Test.Daemon.FileShare.csproj", "{7ACADD24-C836-4A18-ABBD-3597C0A3BC04}"
EndProject
Project("{FAE04EC0-301F-11D3-BF4B-00C04F79EFBC}") = "BD2.Conv", "BD2.Conv\BD2.Conv.csproj", "{CFC2FE19-A495-44D1-9B56-E0FB316A6414}"
EndProject
Project("{FAE04EC0-301F-11D3-BF4B-00C04F79EFBC}") = "BD2.Conv.Frontend.Table", "BD2.Conv.Frontend.Table\BD2.Conv.Frontend.Table.csproj", "{074EB447-0B49-4DEE-8B1F-DEB3DC8E095F}"
EndProject
Project("{FAE04EC0-301F-11D3-BF4B-00C04F79EFBC}") = "BD2.Conv.Frontend.Raw", "BD2.Conv.Frontend.Raw\BD2.Conv.Frontend.Raw.csproj", "{1A0AF799-B4B8-44F9-8439-C1A7A595D5DB}"
EndProject
Project("{FAE04EC0-301F-11D3-BF4B-00C04F79EFBC}") = "BD2.Core", "BD2.Core\BD2.Core.csproj", "{8D352784-ED9B-4C46-A5E9-B2E32481E25B}"
EndProject
Project("{FAE04EC0-301F-11D3-BF4B-00C04F79EFBC}") = "BD2.Conv.Daemon.Sqlite", "BD2.Conv.Daemon.Sqlite\BD2.Conv.Daemon.Sqlite.csproj", "{436AE80B-3AE2-448F-B0A4-2676449B7AC8}"
EndProject
Project("{FAE04EC0-301F-11D3-BF4B-00C04F79EFBC}") = "BD2.Conv.Daemon.DB4O", "BD2.Conv.Daemon.DB4O\BD2.Conv.Daemon.DB4O.csproj", "{5B861B2E-347C-4E75-AC23-C05326E330C6}"
EndProject
Project("{FAE04EC0-301F-11D3-BF4B-00C04F79EFBC}") = "BD2.Frontend.Table.Model", "BD2.Frontend.Table.Model\BD2.Frontend.Table.Model.csproj", "{A4059B19-5E63-468E-9AE0-6D55AFD9775E}"
EndProject
Project("{FAE04EC0-301F-11D3-BF4B-00C04F79EFBC}") = "BD2", "BD2\BD2.csproj", "{51635361-E0F0-4E98-B2A2-C7F354DA02A0}"
EndProject
Project("{FAE04EC0-301F-11D3-BF4B-00C04F79EFBC}") = "BD2.Test.Daemon.StreamPair", "BD2.Test.Daemon.StreamPair\BD2.Test.Daemon.StreamPair.csproj", "{175B36CF-8C71-4620-83BA-BC94885599FD}"
EndProject
Project("{FAE04EC0-301F-11D3-BF4B-00C04F79EFBC}") = "BD2.Test.Conv.MSSQL", "BD2.Test.Conv.MSSQL\BD2.Test.Conv.MSSQL.csproj", "{FB276F98-934B-4E9C-A1DC-7F9CCA8AACA0}"
EndProject
Project("{FAE04EC0-301F-11D3-BF4B-00C04F79EFBC}") = "BD2.Test.Frontend.Table", "BD2.Test.Frontend.Table\BD2.Test.Frontend.Table.csproj", "{472E06FA-66CA-4C61-90E7-14F8B7095F67}"
EndProject
Project("{FAE04EC0-301F-11D3-BF4B-00C04F79EFBC}") = "BD2.Test.Repo.LevelDB", "BD2.Test.Repo.LevelDB\BD2.Test.Repo.LevelDB.csproj", "{1F62C8FD-73FA-4EA8-BBB7-0106EF6E292D}"
EndProject
Project("{FAE04EC0-301F-11D3-BF4B-00C04F79EFBC}") = "BD2.Chunk.Daemon.Common", "BD2.Chunk.Daemon.Common\BD2.Chunk.Daemon.Common.csproj", "{7759DDFD-E328-4788-B67C-6967E65811B6}"
EndProject
Project("{FAE04EC0-301F-11D3-BF4B-00C04F79EFBC}") = "BD2.Test.Daemon.Discovery", "BD2.Test.Daemon.Discovery\BD2.Test.Daemon.Discovery.csproj", "{A6BE94BF-5F4F-4B56-9F89-97F7B7132512}"
EndProject
Project("{FAE04EC0-301F-11D3-BF4B-00C04F79EFBC}") = "BD2.Test.Core.UserRepository", "BD2.Test.Core.UserRepository\BD2.Test.Core.UserRepository.csproj", "{E369D090-A912-45A3-B946-947427E2910B}"
EndProject
Project("{9344BDBB-3E7F-41FC-A0DD-8665D75EE146}") = "libBD2", "libBD2\libBD2.mdproj", "{91DF3FF1-3F46-4E07-BCC5-E921F8579803}"
EndProject
Global
	GlobalSection(SolutionConfigurationPlatforms) = preSolution
		Debug|x86 = Debug|x86
		Release|x86 = Release|x86
		Debug|Win32 = Debug|Win32
		Release|Win32 = Release|Win32
	EndGlobalSection
	GlobalSection(ProjectConfigurationPlatforms) = postSolution
		{0395A016-3F02-4D16-904D-868CA51EF1B0}.Debug|Win32.ActiveCfg = Debug|Any CPU
		{0395A016-3F02-4D16-904D-868CA51EF1B0}.Debug|Win32.Build.0 = Debug|Any CPU
		{0395A016-3F02-4D16-904D-868CA51EF1B0}.Debug|x86.ActiveCfg = Debug|Any CPU
		{0395A016-3F02-4D16-904D-868CA51EF1B0}.Debug|x86.Build.0 = Debug|Any CPU
		{0395A016-3F02-4D16-904D-868CA51EF1B0}.Release|Win32.ActiveCfg = Release|Any CPU
		{0395A016-3F02-4D16-904D-868CA51EF1B0}.Release|Win32.Build.0 = Release|Any CPU
		{0395A016-3F02-4D16-904D-868CA51EF1B0}.Release|x86.ActiveCfg = Release|Any CPU
		{0395A016-3F02-4D16-904D-868CA51EF1B0}.Release|x86.Build.0 = Release|Any CPU
		{074EB447-0B49-4DEE-8B1F-DEB3DC8E095F}.Debug|Win32.ActiveCfg = Debug|Any CPU
		{074EB447-0B49-4DEE-8B1F-DEB3DC8E095F}.Debug|Win32.Build.0 = Debug|Any CPU
		{074EB447-0B49-4DEE-8B1F-DEB3DC8E095F}.Debug|x86.ActiveCfg = Debug|Any CPU
		{074EB447-0B49-4DEE-8B1F-DEB3DC8E095F}.Debug|x86.Build.0 = Debug|Any CPU
		{074EB447-0B49-4DEE-8B1F-DEB3DC8E095F}.Release|Win32.ActiveCfg = Release|Any CPU
		{074EB447-0B49-4DEE-8B1F-DEB3DC8E095F}.Release|Win32.Build.0 = Release|Any CPU
		{074EB447-0B49-4DEE-8B1F-DEB3DC8E095F}.Release|x86.ActiveCfg = Release|Any CPU
		{074EB447-0B49-4DEE-8B1F-DEB3DC8E095F}.Release|x86.Build.0 = Release|Any CPU
		{0E351074-E71D-449C-990C-93D93953D949}.Debug|Win32.ActiveCfg = Debug|Any CPU
		{0E351074-E71D-449C-990C-93D93953D949}.Debug|Win32.Build.0 = Debug|Any CPU
		{0E351074-E71D-449C-990C-93D93953D949}.Debug|x86.ActiveCfg = Debug|Any CPU
		{0E351074-E71D-449C-990C-93D93953D949}.Debug|x86.Build.0 = Debug|Any CPU
		{0E351074-E71D-449C-990C-93D93953D949}.Release|Win32.ActiveCfg = Release|Any CPU
		{0E351074-E71D-449C-990C-93D93953D949}.Release|Win32.Build.0 = Release|Any CPU
		{0E351074-E71D-449C-990C-93D93953D949}.Release|x86.ActiveCfg = Release|Any CPU
		{0E351074-E71D-449C-990C-93D93953D949}.Release|x86.Build.0 = Release|Any CPU
		{128AAEC3-FCA2-4C66-95D5-8A4E3181DEAA}.Debug|Win32.ActiveCfg = Debug|x86
		{128AAEC3-FCA2-4C66-95D5-8A4E3181DEAA}.Debug|Win32.Build.0 = Debug|x86
		{128AAEC3-FCA2-4C66-95D5-8A4E3181DEAA}.Debug|x86.ActiveCfg = Debug|x86
		{128AAEC3-FCA2-4C66-95D5-8A4E3181DEAA}.Debug|x86.Build.0 = Debug|x86
		{128AAEC3-FCA2-4C66-95D5-8A4E3181DEAA}.Release|Win32.ActiveCfg = Release|x86
		{128AAEC3-FCA2-4C66-95D5-8A4E3181DEAA}.Release|Win32.Build.0 = Release|x86
		{128AAEC3-FCA2-4C66-95D5-8A4E3181DEAA}.Release|x86.ActiveCfg = Release|x86
		{128AAEC3-FCA2-4C66-95D5-8A4E3181DEAA}.Release|x86.Build.0 = Release|x86
		{175B36CF-8C71-4620-83BA-BC94885599FD}.Debug|Win32.ActiveCfg = Debug|x86
		{175B36CF-8C71-4620-83BA-BC94885599FD}.Debug|Win32.Build.0 = Debug|x86
		{175B36CF-8C71-4620-83BA-BC94885599FD}.Debug|x86.ActiveCfg = Debug|x86
		{175B36CF-8C71-4620-83BA-BC94885599FD}.Debug|x86.Build.0 = Debug|x86
		{175B36CF-8C71-4620-83BA-BC94885599FD}.Release|Win32.ActiveCfg = Release|x86
		{175B36CF-8C71-4620-83BA-BC94885599FD}.Release|Win32.Build.0 = Release|x86
		{175B36CF-8C71-4620-83BA-BC94885599FD}.Release|x86.ActiveCfg = Release|x86
		{175B36CF-8C71-4620-83BA-BC94885599FD}.Release|x86.Build.0 = Release|x86
		{19E7BB88-BD82-4428-B256-6B8A7C8682B3}.Debug|Win32.ActiveCfg = Debug|Any CPU
		{19E7BB88-BD82-4428-B256-6B8A7C8682B3}.Debug|Win32.Build.0 = Debug|Any CPU
		{19E7BB88-BD82-4428-B256-6B8A7C8682B3}.Debug|x86.ActiveCfg = Debug|Any CPU
		{19E7BB88-BD82-4428-B256-6B8A7C8682B3}.Debug|x86.Build.0 = Debug|Any CPU
		{19E7BB88-BD82-4428-B256-6B8A7C8682B3}.Release|Win32.ActiveCfg = Release|Any CPU
		{19E7BB88-BD82-4428-B256-6B8A7C8682B3}.Release|Win32.Build.0 = Release|Any CPU
		{19E7BB88-BD82-4428-B256-6B8A7C8682B3}.Release|x86.ActiveCfg = Release|Any CPU
		{19E7BB88-BD82-4428-B256-6B8A7C8682B3}.Release|x86.Build.0 = Release|Any CPU
		{1A0AF799-B4B8-44F9-8439-C1A7A595D5DB}.Debug|Win32.ActiveCfg = Debug|Any CPU
		{1A0AF799-B4B8-44F9-8439-C1A7A595D5DB}.Debug|Win32.Build.0 = Debug|Any CPU
		{1A0AF799-B4B8-44F9-8439-C1A7A595D5DB}.Debug|x86.ActiveCfg = Debug|Any CPU
		{1A0AF799-B4B8-44F9-8439-C1A7A595D5DB}.Debug|x86.Build.0 = Debug|Any CPU
		{1A0AF799-B4B8-44F9-8439-C1A7A595D5DB}.Release|Win32.ActiveCfg = Release|Any CPU
		{1A0AF799-B4B8-44F9-8439-C1A7A595D5DB}.Release|Win32.Build.0 = Release|Any CPU
		{1A0AF799-B4B8-44F9-8439-C1A7A595D5DB}.Release|x86.ActiveCfg = Release|Any CPU
		{1A0AF799-B4B8-44F9-8439-C1A7A595D5DB}.Release|x86.Build.0 = Release|Any CPU
		{1BDB2273-537B-48F7-9317-1A1B8C6F1C62}.Debug|Win32.ActiveCfg = Debug|Any CPU
		{1BDB2273-537B-48F7-9317-1A1B8C6F1C62}.Debug|Win32.Build.0 = Debug|Any CPU
		{1BDB2273-537B-48F7-9317-1A1B8C6F1C62}.Debug|x86.ActiveCfg = Debug|Any CPU
		{1BDB2273-537B-48F7-9317-1A1B8C6F1C62}.Debug|x86.Build.0 = Debug|Any CPU
		{1BDB2273-537B-48F7-9317-1A1B8C6F1C62}.Release|Win32.ActiveCfg = Release|Any CPU
		{1BDB2273-537B-48F7-9317-1A1B8C6F1C62}.Release|Win32.Build.0 = Release|Any CPU
		{1BDB2273-537B-48F7-9317-1A1B8C6F1C62}.Release|x86.ActiveCfg = Release|Any CPU
		{1BDB2273-537B-48F7-9317-1A1B8C6F1C62}.Release|x86.Build.0 = Release|Any CPU
		{1F62C8FD-73FA-4EA8-BBB7-0106EF6E292D}.Debug|Win32.ActiveCfg = Debug|x86
		{1F62C8FD-73FA-4EA8-BBB7-0106EF6E292D}.Debug|Win32.Build.0 = Debug|x86
		{1F62C8FD-73FA-4EA8-BBB7-0106EF6E292D}.Debug|x86.ActiveCfg = Debug|x86
		{1F62C8FD-73FA-4EA8-BBB7-0106EF6E292D}.Debug|x86.Build.0 = Debug|x86
		{1F62C8FD-73FA-4EA8-BBB7-0106EF6E292D}.Release|Win32.ActiveCfg = Release|x86
		{1F62C8FD-73FA-4EA8-BBB7-0106EF6E292D}.Release|Win32.Build.0 = Release|x86
		{1F62C8FD-73FA-4EA8-BBB7-0106EF6E292D}.Release|x86.ActiveCfg = Release|x86
		{1F62C8FD-73FA-4EA8-BBB7-0106EF6E292D}.Release|x86.Build.0 = Release|x86
		{285B9E10-0FC7-4D60-9D1D-5068E8963988}.Debug|Win32.ActiveCfg = Debug|Any CPU
		{285B9E10-0FC7-4D60-9D1D-5068E8963988}.Debug|Win32.Build.0 = Debug|Any CPU
		{285B9E10-0FC7-4D60-9D1D-5068E8963988}.Debug|x86.ActiveCfg = Debug|Any CPU
		{285B9E10-0FC7-4D60-9D1D-5068E8963988}.Debug|x86.Build.0 = Debug|Any CPU
		{285B9E10-0FC7-4D60-9D1D-5068E8963988}.Release|Win32.ActiveCfg = Release|Any CPU
		{285B9E10-0FC7-4D60-9D1D-5068E8963988}.Release|Win32.Build.0 = Release|Any CPU
		{285B9E10-0FC7-4D60-9D1D-5068E8963988}.Release|x86.ActiveCfg = Release|Any CPU
		{285B9E10-0FC7-4D60-9D1D-5068E8963988}.Release|x86.Build.0 = Release|Any CPU
		{436AE80B-3AE2-448F-B0A4-2676449B7AC8}.Debug|Win32.ActiveCfg = Debug|Any CPU
		{436AE80B-3AE2-448F-B0A4-2676449B7AC8}.Debug|Win32.Build.0 = Debug|Any CPU
		{436AE80B-3AE2-448F-B0A4-2676449B7AC8}.Debug|x86.ActiveCfg = Debug|Any CPU
		{436AE80B-3AE2-448F-B0A4-2676449B7AC8}.Debug|x86.Build.0 = Debug|Any CPU
		{436AE80B-3AE2-448F-B0A4-2676449B7AC8}.Release|Win32.ActiveCfg = Release|Any CPU
		{436AE80B-3AE2-448F-B0A4-2676449B7AC8}.Release|Win32.Build.0 = Release|Any CPU
		{436AE80B-3AE2-448F-B0A4-2676449B7AC8}.Release|x86.ActiveCfg = Release|Any CPU
		{436AE80B-3AE2-448F-B0A4-2676449B7AC8}.Release|x86.Build.0 = Release|Any CPU
		{472E06FA-66CA-4C61-90E7-14F8B7095F67}.Debug|Win32.ActiveCfg = Debug|x86
		{472E06FA-66CA-4C61-90E7-14F8B7095F67}.Debug|Win32.Build.0 = Debug|x86
		{472E06FA-66CA-4C61-90E7-14F8B7095F67}.Debug|x86.ActiveCfg = Debug|x86
		{472E06FA-66CA-4C61-90E7-14F8B7095F67}.Debug|x86.Build.0 = Debug|x86
		{472E06FA-66CA-4C61-90E7-14F8B7095F67}.Release|Win32.ActiveCfg = Release|x86
		{472E06FA-66CA-4C61-90E7-14F8B7095F67}.Release|Win32.Build.0 = Release|x86
		{472E06FA-66CA-4C61-90E7-14F8B7095F67}.Release|x86.ActiveCfg = Release|x86
		{472E06FA-66CA-4C61-90E7-14F8B7095F67}.Release|x86.Build.0 = Release|x86
		{51635361-E0F0-4E98-B2A2-C7F354DA02A0}.Debug|Win32.ActiveCfg = Debug|Any CPU
		{51635361-E0F0-4E98-B2A2-C7F354DA02A0}.Debug|Win32.Build.0 = Debug|Any CPU
		{51635361-E0F0-4E98-B2A2-C7F354DA02A0}.Debug|x86.ActiveCfg = Debug|Any CPU
		{51635361-E0F0-4E98-B2A2-C7F354DA02A0}.Debug|x86.Build.0 = Debug|Any CPU
		{51635361-E0F0-4E98-B2A2-C7F354DA02A0}.Release|Win32.ActiveCfg = Release|Any CPU
		{51635361-E0F0-4E98-B2A2-C7F354DA02A0}.Release|Win32.Build.0 = Release|Any CPU
		{51635361-E0F0-4E98-B2A2-C7F354DA02A0}.Release|x86.ActiveCfg = Release|Any CPU
		{51635361-E0F0-4E98-B2A2-C7F354DA02A0}.Release|x86.Build.0 = Release|Any CPU
		{5B861B2E-347C-4E75-AC23-C05326E330C6}.Debug|Win32.ActiveCfg = Debug|Any CPU
		{5B861B2E-347C-4E75-AC23-C05326E330C6}.Debug|Win32.Build.0 = Debug|Any CPU
		{5B861B2E-347C-4E75-AC23-C05326E330C6}.Debug|x86.ActiveCfg = Debug|Any CPU
		{5B861B2E-347C-4E75-AC23-C05326E330C6}.Debug|x86.Build.0 = Debug|Any CPU
		{5B861B2E-347C-4E75-AC23-C05326E330C6}.Release|Win32.ActiveCfg = Release|Any CPU
		{5B861B2E-347C-4E75-AC23-C05326E330C6}.Release|Win32.Build.0 = Release|Any CPU
		{5B861B2E-347C-4E75-AC23-C05326E330C6}.Release|x86.ActiveCfg = Release|Any CPU
		{5B861B2E-347C-4E75-AC23-C05326E330C6}.Release|x86.Build.0 = Release|Any CPU
		{6938747E-45CF-4653-99C8-5D40E436E244}.Debug|Win32.ActiveCfg = Debug|Any CPU
		{6938747E-45CF-4653-99C8-5D40E436E244}.Debug|Win32.Build.0 = Debug|Any CPU
		{6938747E-45CF-4653-99C8-5D40E436E244}.Debug|x86.ActiveCfg = Debug|Any CPU
		{6938747E-45CF-4653-99C8-5D40E436E244}.Debug|x86.Build.0 = Debug|Any CPU
		{6938747E-45CF-4653-99C8-5D40E436E244}.Release|Win32.ActiveCfg = Release|Any CPU
		{6938747E-45CF-4653-99C8-5D40E436E244}.Release|Win32.Build.0 = Release|Any CPU
		{6938747E-45CF-4653-99C8-5D40E436E244}.Release|x86.ActiveCfg = Release|Any CPU
		{6938747E-45CF-4653-99C8-5D40E436E244}.Release|x86.Build.0 = Release|Any CPU
		{7759DDFD-E328-4788-B67C-6967E65811B6}.Debug|Win32.ActiveCfg = Debug|Any CPU
		{7759DDFD-E328-4788-B67C-6967E65811B6}.Debug|Win32.Build.0 = Debug|Any CPU
		{7759DDFD-E328-4788-B67C-6967E65811B6}.Debug|x86.ActiveCfg = Debug|Any CPU
		{7759DDFD-E328-4788-B67C-6967E65811B6}.Debug|x86.Build.0 = Debug|Any CPU
		{7759DDFD-E328-4788-B67C-6967E65811B6}.Release|Win32.ActiveCfg = Release|Any CPU
		{7759DDFD-E328-4788-B67C-6967E65811B6}.Release|Win32.Build.0 = Release|Any CPU
		{7759DDFD-E328-4788-B67C-6967E65811B6}.Release|x86.ActiveCfg = Release|Any CPU
		{7759DDFD-E328-4788-B67C-6967E65811B6}.Release|x86.Build.0 = Release|Any CPU
		{7ACADD24-C836-4A18-ABBD-3597C0A3BC04}.Debug|Win32.ActiveCfg = Debug|x86
		{7ACADD24-C836-4A18-ABBD-3597C0A3BC04}.Debug|Win32.Build.0 = Debug|x86
		{7ACADD24-C836-4A18-ABBD-3597C0A3BC04}.Debug|x86.ActiveCfg = Debug|x86
		{7ACADD24-C836-4A18-ABBD-3597C0A3BC04}.Debug|x86.Build.0 = Debug|x86
		{7ACADD24-C836-4A18-ABBD-3597C0A3BC04}.Release|Win32.ActiveCfg = Release|x86
		{7ACADD24-C836-4A18-ABBD-3597C0A3BC04}.Release|Win32.Build.0 = Release|x86
		{7ACADD24-C836-4A18-ABBD-3597C0A3BC04}.Release|x86.ActiveCfg = Release|x86
		{7ACADD24-C836-4A18-ABBD-3597C0A3BC04}.Release|x86.Build.0 = Release|x86
		{7C75502F-DF43-42E9-95F4-F00B5D3774D3}.Debug|Win32.ActiveCfg = Debug|Any CPU
		{7C75502F-DF43-42E9-95F4-F00B5D3774D3}.Debug|Win32.Build.0 = Debug|Any CPU
		{7C75502F-DF43-42E9-95F4-F00B5D3774D3}.Debug|x86.ActiveCfg = Debug|Any CPU
		{7C75502F-DF43-42E9-95F4-F00B5D3774D3}.Debug|x86.Build.0 = Debug|Any CPU
		{7C75502F-DF43-42E9-95F4-F00B5D3774D3}.Release|Win32.ActiveCfg = Release|Any CPU
		{7C75502F-DF43-42E9-95F4-F00B5D3774D3}.Release|Win32.Build.0 = Release|Any CPU
		{7C75502F-DF43-42E9-95F4-F00B5D3774D3}.Release|x86.ActiveCfg = Release|Any CPU
		{7C75502F-DF43-42E9-95F4-F00B5D3774D3}.Release|x86.Build.0 = Release|Any CPU
		{8167365B-7849-434A-A5EA-62BE332F523C}.Debug|Win32.ActiveCfg = Debug|Any CPU
		{8167365B-7849-434A-A5EA-62BE332F523C}.Debug|Win32.Build.0 = Debug|Any CPU
		{8167365B-7849-434A-A5EA-62BE332F523C}.Debug|x86.ActiveCfg = Debug|Any CPU
		{8167365B-7849-434A-A5EA-62BE332F523C}.Debug|x86.Build.0 = Debug|Any CPU
		{8167365B-7849-434A-A5EA-62BE332F523C}.Release|Win32.ActiveCfg = Release|Any CPU
		{8167365B-7849-434A-A5EA-62BE332F523C}.Release|Win32.Build.0 = Release|Any CPU
		{8167365B-7849-434A-A5EA-62BE332F523C}.Release|x86.ActiveCfg = Release|Any CPU
		{8167365B-7849-434A-A5EA-62BE332F523C}.Release|x86.Build.0 = Release|Any CPU
		{8179BF44-79F2-4A33-AA38-0872CCCBB85E}.Debug|Win32.ActiveCfg = Debug|Any CPU
		{8179BF44-79F2-4A33-AA38-0872CCCBB85E}.Debug|Win32.Build.0 = Debug|Any CPU
		{8179BF44-79F2-4A33-AA38-0872CCCBB85E}.Debug|x86.ActiveCfg = Debug|Any CPU
		{8179BF44-79F2-4A33-AA38-0872CCCBB85E}.Debug|x86.Build.0 = Debug|Any CPU
		{8179BF44-79F2-4A33-AA38-0872CCCBB85E}.Release|Win32.ActiveCfg = Release|Any CPU
		{8179BF44-79F2-4A33-AA38-0872CCCBB85E}.Release|Win32.Build.0 = Release|Any CPU
		{8179BF44-79F2-4A33-AA38-0872CCCBB85E}.Release|x86.ActiveCfg = Release|Any CPU
		{8179BF44-79F2-4A33-AA38-0872CCCBB85E}.Release|x86.Build.0 = Release|Any CPU
		{84598FAA-8E5D-47A9-9463-AFB5A5FAD28F}.Debug|Win32.ActiveCfg = Debug|Any CPU
		{84598FAA-8E5D-47A9-9463-AFB5A5FAD28F}.Debug|Win32.Build.0 = Debug|Any CPU
		{84598FAA-8E5D-47A9-9463-AFB5A5FAD28F}.Debug|x86.ActiveCfg = Debug|Any CPU
		{84598FAA-8E5D-47A9-9463-AFB5A5FAD28F}.Debug|x86.Build.0 = Debug|Any CPU
		{84598FAA-8E5D-47A9-9463-AFB5A5FAD28F}.Release|Win32.ActiveCfg = Release|Any CPU
		{84598FAA-8E5D-47A9-9463-AFB5A5FAD28F}.Release|Win32.Build.0 = Release|Any CPU
		{84598FAA-8E5D-47A9-9463-AFB5A5FAD28F}.Release|x86.ActiveCfg = Release|Any CPU
		{84598FAA-8E5D-47A9-9463-AFB5A5FAD28F}.Release|x86.Build.0 = Release|Any CPU
		{8D352784-ED9B-4C46-A5E9-B2E32481E25B}.Debug|Win32.ActiveCfg = Debug|Any CPU
		{8D352784-ED9B-4C46-A5E9-B2E32481E25B}.Debug|Win32.Build.0 = Debug|Any CPU
		{8D352784-ED9B-4C46-A5E9-B2E32481E25B}.Debug|x86.ActiveCfg = Debug|Any CPU
		{8D352784-ED9B-4C46-A5E9-B2E32481E25B}.Debug|x86.Build.0 = Debug|Any CPU
		{8D352784-ED9B-4C46-A5E9-B2E32481E25B}.Release|Win32.ActiveCfg = Release|Any CPU
		{8D352784-ED9B-4C46-A5E9-B2E32481E25B}.Release|Win32.Build.0 = Release|Any CPU
		{8D352784-ED9B-4C46-A5E9-B2E32481E25B}.Release|x86.ActiveCfg = Release|Any CPU
		{8D352784-ED9B-4C46-A5E9-B2E32481E25B}.Release|x86.Build.0 = Release|Any CPU
		{8DD96596-38AC-46DD-80C1-75D9EBE585EA}.Debug|Win32.ActiveCfg = Debug|Any CPU
		{8DD96596-38AC-46DD-80C1-75D9EBE585EA}.Debug|Win32.Build.0 = Debug|Any CPU
		{8DD96596-38AC-46DD-80C1-75D9EBE585EA}.Debug|x86.ActiveCfg = Debug|Any CPU
		{8DD96596-38AC-46DD-80C1-75D9EBE585EA}.Debug|x86.Build.0 = Debug|Any CPU
		{8DD96596-38AC-46DD-80C1-75D9EBE585EA}.Release|Win32.ActiveCfg = Release|Any CPU
		{8DD96596-38AC-46DD-80C1-75D9EBE585EA}.Release|Win32.Build.0 = Release|Any CPU
		{8DD96596-38AC-46DD-80C1-75D9EBE585EA}.Release|x86.ActiveCfg = Release|Any CPU
		{8DD96596-38AC-46DD-80C1-75D9EBE585EA}.Release|x86.Build.0 = Release|Any CPU
		{91DF3FF1-3F46-4E07-BCC5-E921F8579803}.Debug|Win32.ActiveCfg = Debug|Any CPU
		{91DF3FF1-3F46-4E07-BCC5-E921F8579803}.Debug|x86.ActiveCfg = Debug|Any CPU
		{91DF3FF1-3F46-4E07-BCC5-E921F8579803}.Release|Win32.ActiveCfg = Release|Any CPU
		{91DF3FF1-3F46-4E07-BCC5-E921F8579803}.Release|x86.ActiveCfg = Release|Any CPU
		{A4059B19-5E63-468E-9AE0-6D55AFD9775E}.Debug|Win32.ActiveCfg = Debug|Any CPU
		{A4059B19-5E63-468E-9AE0-6D55AFD9775E}.Debug|Win32.Build.0 = Debug|Any CPU
		{A4059B19-5E63-468E-9AE0-6D55AFD9775E}.Debug|x86.ActiveCfg = Debug|Any CPU
		{A4059B19-5E63-468E-9AE0-6D55AFD9775E}.Debug|x86.Build.0 = Debug|Any CPU
		{A4059B19-5E63-468E-9AE0-6D55AFD9775E}.Release|Win32.ActiveCfg = Release|Any CPU
		{A4059B19-5E63-468E-9AE0-6D55AFD9775E}.Release|Win32.Build.0 = Release|Any CPU
		{A4059B19-5E63-468E-9AE0-6D55AFD9775E}.Release|x86.ActiveCfg = Release|Any CPU
		{A4059B19-5E63-468E-9AE0-6D55AFD9775E}.Release|x86.Build.0 = Release|Any CPU
		{A6BE94BF-5F4F-4B56-9F89-97F7B7132512}.Debug|Win32.ActiveCfg = Debug|x86
		{A6BE94BF-5F4F-4B56-9F89-97F7B7132512}.Debug|Win32.Build.0 = Debug|x86
		{A6BE94BF-5F4F-4B56-9F89-97F7B7132512}.Debug|x86.ActiveCfg = Debug|x86
		{A6BE94BF-5F4F-4B56-9F89-97F7B7132512}.Debug|x86.Build.0 = Debug|x86
		{A6BE94BF-5F4F-4B56-9F89-97F7B7132512}.Release|Win32.ActiveCfg = Release|x86
		{A6BE94BF-5F4F-4B56-9F89-97F7B7132512}.Release|Win32.Build.0 = Release|x86
		{A6BE94BF-5F4F-4B56-9F89-97F7B7132512}.Release|x86.ActiveCfg = Release|x86
		{A6BE94BF-5F4F-4B56-9F89-97F7B7132512}.Release|x86.Build.0 = Release|x86
		{C60A5077-8EFF-4791-8AA2-89A2EBE58653}.Debug|Win32.ActiveCfg = Debug|Any CPU
		{C60A5077-8EFF-4791-8AA2-89A2EBE58653}.Debug|Win32.Build.0 = Debug|Any CPU
		{C60A5077-8EFF-4791-8AA2-89A2EBE58653}.Debug|x86.ActiveCfg = Debug|Any CPU
		{C60A5077-8EFF-4791-8AA2-89A2EBE58653}.Debug|x86.Build.0 = Debug|Any CPU
		{C60A5077-8EFF-4791-8AA2-89A2EBE58653}.Release|Win32.ActiveCfg = Release|Any CPU
		{C60A5077-8EFF-4791-8AA2-89A2EBE58653}.Release|Win32.Build.0 = Release|Any CPU
		{C60A5077-8EFF-4791-8AA2-89A2EBE58653}.Release|x86.ActiveCfg = Release|Any CPU
		{C60A5077-8EFF-4791-8AA2-89A2EBE58653}.Release|x86.Build.0 = Release|Any CPU
		{CFC2FE19-A495-44D1-9B56-E0FB316A6414}.Debug|Win32.ActiveCfg = Debug|x86
		{CFC2FE19-A495-44D1-9B56-E0FB316A6414}.Debug|Win32.Build.0 = Debug|x86
		{CFC2FE19-A495-44D1-9B56-E0FB316A6414}.Debug|x86.ActiveCfg = Debug|x86
		{CFC2FE19-A495-44D1-9B56-E0FB316A6414}.Debug|x86.Build.0 = Debug|x86
		{CFC2FE19-A495-44D1-9B56-E0FB316A6414}.Release|Win32.ActiveCfg = Release|x86
		{CFC2FE19-A495-44D1-9B56-E0FB316A6414}.Release|Win32.Build.0 = Release|x86
		{CFC2FE19-A495-44D1-9B56-E0FB316A6414}.Release|x86.ActiveCfg = Release|x86
		{CFC2FE19-A495-44D1-9B56-E0FB316A6414}.Release|x86.Build.0 = Release|x86
		{DD766E91-87CB-432F-A0E5-065C5D8ADE30}.Debug|Win32.ActiveCfg = Debug|Any CPU
		{DD766E91-87CB-432F-A0E5-065C5D8ADE30}.Debug|Win32.Build.0 = Debug|Any CPU
		{DD766E91-87CB-432F-A0E5-065C5D8ADE30}.Debug|x86.ActiveCfg = Debug|Any CPU
		{DD766E91-87CB-432F-A0E5-065C5D8ADE30}.Debug|x86.Build.0 = Debug|Any CPU
		{DD766E91-87CB-432F-A0E5-065C5D8ADE30}.Release|Win32.ActiveCfg = Release|Any CPU
		{DD766E91-87CB-432F-A0E5-065C5D8ADE30}.Release|Win32.Build.0 = Release|Any CPU
		{DD766E91-87CB-432F-A0E5-065C5D8ADE30}.Release|x86.ActiveCfg = Release|Any CPU
		{DD766E91-87CB-432F-A0E5-065C5D8ADE30}.Release|x86.Build.0 = Release|Any CPU
		{E369D090-A912-45A3-B946-947427E2910B}.Debug|Win32.ActiveCfg = Debug|x86
		{E369D090-A912-45A3-B946-947427E2910B}.Debug|Win32.Build.0 = Debug|x86
		{E369D090-A912-45A3-B946-947427E2910B}.Debug|x86.ActiveCfg = Debug|x86
		{E369D090-A912-45A3-B946-947427E2910B}.Debug|x86.Build.0 = Debug|x86
		{E369D090-A912-45A3-B946-947427E2910B}.Release|Win32.ActiveCfg = Release|x86
		{E369D090-A912-45A3-B946-947427E2910B}.Release|Win32.Build.0 = Release|x86
		{E369D090-A912-45A3-B946-947427E2910B}.Release|x86.ActiveCfg = Release|x86
		{E369D090-A912-45A3-B946-947427E2910B}.Release|x86.Build.0 = Release|x86
		{EB2ADDC8-0A70-47DD-881F-B836FD48DE5D}.Debug|Win32.ActiveCfg = Debug|Any CPU
		{EB2ADDC8-0A70-47DD-881F-B836FD48DE5D}.Debug|Win32.Build.0 = Debug|Any CPU
		{EB2ADDC8-0A70-47DD-881F-B836FD48DE5D}.Debug|x86.ActiveCfg = Debug|Any CPU
		{EB2ADDC8-0A70-47DD-881F-B836FD48DE5D}.Debug|x86.Build.0 = Debug|Any CPU
		{EB2ADDC8-0A70-47DD-881F-B836FD48DE5D}.Release|Win32.ActiveCfg = Release|Any CPU
		{EB2ADDC8-0A70-47DD-881F-B836FD48DE5D}.Release|Win32.Build.0 = Release|Any CPU
		{EB2ADDC8-0A70-47DD-881F-B836FD48DE5D}.Release|x86.ActiveCfg = Release|Any CPU
		{EB2ADDC8-0A70-47DD-881F-B836FD48DE5D}.Release|x86.Build.0 = Release|Any CPU
		{F1659C24-EB5A-4980-9891-6FCDE3FB496D}.Debug|Win32.ActiveCfg = Debug|Any CPU
		{F1659C24-EB5A-4980-9891-6FCDE3FB496D}.Debug|Win32.Build.0 = Debug|Any CPU
		{F1659C24-EB5A-4980-9891-6FCDE3FB496D}.Debug|x86.ActiveCfg = Debug|Any CPU
		{F1659C24-EB5A-4980-9891-6FCDE3FB496D}.Debug|x86.Build.0 = Debug|Any CPU
		{F1659C24-EB5A-4980-9891-6FCDE3FB496D}.Release|Win32.ActiveCfg = Release|Any CPU
		{F1659C24-EB5A-4980-9891-6FCDE3FB496D}.Release|Win32.Build.0 = Release|Any CPU
		{F1659C24-EB5A-4980-9891-6FCDE3FB496D}.Release|x86.ActiveCfg = Release|Any CPU
		{F1659C24-EB5A-4980-9891-6FCDE3FB496D}.Release|x86.Build.0 = Release|Any CPU
		{FB276F98-934B-4E9C-A1DC-7F9CCA8AACA0}.Debug|Win32.ActiveCfg = Debug|x86
		{FB276F98-934B-4E9C-A1DC-7F9CCA8AACA0}.Debug|Win32.Build.0 = Debug|x86
		{FB276F98-934B-4E9C-A1DC-7F9CCA8AACA0}.Debug|x86.ActiveCfg = Debug|x86
		{FB276F98-934B-4E9C-A1DC-7F9CCA8AACA0}.Debug|x86.Build.0 = Debug|x86
		{FB276F98-934B-4E9C-A1DC-7F9CCA8AACA0}.Release|Win32.ActiveCfg = Release|x86
		{FB276F98-934B-4E9C-A1DC-7F9CCA8AACA0}.Release|Win32.Build.0 = Release|x86
		{FB276F98-934B-4E9C-A1DC-7F9CCA8AACA0}.Release|x86.ActiveCfg = Release|x86
		{FB276F98-934B-4E9C-A1DC-7F9CCA8AACA0}.Release|x86.Build.0 = Release|x86
		{FEC92D6C-810E-47D2-A4F1-0E2854DDEB2B}.Debug|Win32.ActiveCfg = Debug|Any CPU
		{FEC92D6C-810E-47D2-A4F1-0E2854DDEB2B}.Debug|Win32.Build.0 = Debug|Any CPU
		{FEC92D6C-810E-47D2-A4F1-0E2854DDEB2B}.Debug|x86.ActiveCfg = Debug|Any CPU
		{FEC92D6C-810E-47D2-A4F1-0E2854DDEB2B}.Debug|x86.Build.0 = Debug|Any CPU
		{FEC92D6C-810E-47D2-A4F1-0E2854DDEB2B}.Release|Win32.ActiveCfg = Release|Any CPU
		{FEC92D6C-810E-47D2-A4F1-0E2854DDEB2B}.Release|Win32.Build.0 = Release|Any CPU
		{FEC92D6C-810E-47D2-A4F1-0E2854DDEB2B}.Release|x86.ActiveCfg = Release|Any CPU
		{FEC92D6C-810E-47D2-A4F1-0E2854DDEB2B}.Release|x86.Build.0 = Release|Any CPU
	EndGlobalSection
	GlobalSection(MonoDevelopProperties) = preSolution
		StartupItem = BD2.Test.Frontend.Table\BD2.Test.Frontend.Table.csproj
		Policies = $0
		$0.TextStylePolicy = $1
		$1.inheritsSet = null
		$1.scope = text/x-csharp
		$0.CSharpFormattingPolicy = $2
		$2.AfterDelegateDeclarationParameterComma = True
		$2.inheritsSet = Mono
		$2.inheritsScope = text/x-csharp
		$2.scope = text/x-csharp
		$0.TextStylePolicy = $3
		$3.FileWidth = 160
		$3.TabsToSpaces = False
		$3.inheritsSet = VisualStudio
		$3.inheritsScope = text/plain
		$3.scope = text/plain
		$0.TextStylePolicy = $4
		$4.inheritsSet = null
		$4.scope = application/config+xml
		$0.XmlFormattingPolicy = $5
		$5.inheritsSet = null
		$5.scope = application/config+xml
		$0.StandardHeader = $6
		$6.Text = @/*\n * Copyright (c) 2014 Behrooz Amoozad\n * All rights reserved.\n *\n * Redistribution and use in source and binary forms, with or without\n * modification, are permitted provided that the following conditions are met:\n *     * Redistributions of source code must retain the above copyright\n *       notice, this list of conditions and the following disclaimer.\n *     * Redistributions in binary form must reproduce the above copyright\n *       notice, this list of conditions and the following disclaimer in the\n *       documentation and/or other materials provided with the distribution.\n *     * Neither the name of the bd2 nor the\n *       names of its contributors may be used to endorse or promote products\n *       derived from this software without specific prior written permission.\n *\n * THIS SOFTWARE IS PROVIDED BY THE COPYRIGHT HOLDERS AND CONTRIBUTORS "AS IS" AND\n * ANY EXPRESS OR IMPLIED WARRANTIES, INCLUDING, BUT NOT LIMITED TO, THE IMPLIED\n * WARRANTIES OF MERCHANTABILITY AND FITNESS FOR A PARTICULAR PURPOSE ARE\n * DISCLAIMED. IN NO EVENT SHALL Behrooz Amoozad BE LIABLE FOR ANY\n * DIRECT, INDIRECT, INCIDENTAL, SPECIAL, EXEMPLARY, OR CONSEQUENTIAL DAMAGES\n * (INCLUDING, BUT NOT LIMITED TO, PROCUREMENT OF SUBSTITUTE GOODS OR SERVICES;\n * LOSS OF USE, DATA, OR PROFITS; OR BUSINESS INTERRUPTION) HOWEVER CAUSED AND\n * ON ANY THEORY OF LIABILITY, WHETHER IN CONTRACT, STRICT LIABILITY, OR TORT\n * (INCLUDING NEGLIGENCE OR OTHERWISE) ARISING IN ANY WAY OUT OF THE USE OF THIS\n * SOFTWARE, EVEN IF ADVISED OF THE POSSIBILITY OF SUCH DAMAGE.\n * */
		$6.IncludeInNewFiles = True
		$0.NameConventionPolicy = $7
		$7.Rules = $8
		$8.NamingRule = $9
		$9.Name = Namespaces
		$9.AffectedEntity = Namespace
		$9.VisibilityMask = VisibilityMask
		$9.NamingStyle = PascalCase
		$9.IncludeInstanceMembers = True
		$9.IncludeStaticEntities = True
		$8.NamingRule = $10
		$10.Name = Types
		$10.AffectedEntity = Class, Struct, Enum, Delegate
		$10.VisibilityMask = Public
		$10.NamingStyle = PascalCase
		$10.IncludeInstanceMembers = True
		$10.IncludeStaticEntities = True
		$8.NamingRule = $11
		$11.Name = Interfaces
		$11.RequiredPrefixes = $12
		$12.String = I
		$11.AffectedEntity = Interface
		$11.VisibilityMask = Public
		$11.NamingStyle = PascalCase
		$11.IncludeInstanceMembers = True
		$11.IncludeStaticEntities = True
		$8.NamingRule = $13
		$13.Name = Attributes
		$13.RequiredSuffixes = $14
		$14.String = Attribute
		$13.AffectedEntity = CustomAttributes
		$13.VisibilityMask = Public
		$13.NamingStyle = PascalCase
		$13.IncludeInstanceMembers = True
		$13.IncludeStaticEntities = True
		$8.NamingRule = $15
		$15.Name = Event Arguments
		$15.RequiredSuffixes = $16
		$16.String = EventArgs
		$15.AffectedEntity = CustomEventArgs
		$15.VisibilityMask = Public
		$15.NamingStyle = PascalCase
		$15.IncludeInstanceMembers = True
		$15.IncludeStaticEntities = True
		$8.NamingRule = $17
		$17.Name = Exceptions
		$17.RequiredSuffixes = $18
		$18.String = Exception
		$17.AffectedEntity = CustomExceptions
		$17.VisibilityMask = VisibilityMask
		$17.NamingStyle = PascalCase
		$17.IncludeInstanceMembers = True
		$17.IncludeStaticEntities = True
		$8.NamingRule = $19
		$19.Name = Methods
		$19.AffectedEntity = Methods
		$19.VisibilityMask = Protected, Public
		$19.NamingStyle = PascalCase
		$19.IncludeInstanceMembers = True
		$19.IncludeStaticEntities = True
		$8.NamingRule = $20
		$20.Name = Static Readonly Fields
		$20.AffectedEntity = ReadonlyField
		$20.VisibilityMask = Protected, Public
		$20.NamingStyle = PascalCase
		$20.IncludeInstanceMembers = False
		$20.IncludeStaticEntities = True
		$8.NamingRule = $21
		$21.Name = Fields
		$21.AffectedEntity = Field
		$21.VisibilityMask = Protected, Public
		$21.NamingStyle = PascalCase
		$21.IncludeInstanceMembers = True
		$21.IncludeStaticEntities = True
		$8.NamingRule = $22
		$22.Name = ReadOnly Fields
		$22.AffectedEntity = ReadonlyField
		$22.VisibilityMask = Protected, Public
		$22.NamingStyle = PascalCase
		$22.IncludeInstanceMembers = True
		$22.IncludeStaticEntities = False
		$8.NamingRule = $23
		$23.Name = Constant Fields
		$23.AffectedEntity = ConstantField
		$23.VisibilityMask = Protected, Public
		$23.NamingStyle = PascalCase
		$23.IncludeInstanceMembers = True
		$23.IncludeStaticEntities = True
		$8.NamingRule = $24
		$24.Name = Properties
		$24.AffectedEntity = Property
		$24.VisibilityMask = Protected, Public
		$24.NamingStyle = PascalCase
		$24.IncludeInstanceMembers = True
		$24.IncludeStaticEntities = True
		$8.NamingRule = $25
		$25.Name = Events
		$25.AffectedEntity = Event
		$25.VisibilityMask = Protected, Public
		$25.NamingStyle = PascalCase
		$25.IncludeInstanceMembers = True
		$25.IncludeStaticEntities = True
		$8.NamingRule = $26
		$26.Name = Enum Members
		$26.AffectedEntity = EnumMember
		$26.VisibilityMask = VisibilityMask
		$26.NamingStyle = PascalCase
		$26.IncludeInstanceMembers = True
		$26.IncludeStaticEntities = True
		$8.NamingRule = $27
		$27.Name = Parameters
		$27.AffectedEntity = Parameter
		$27.VisibilityMask = VisibilityMask
		$27.NamingStyle = CamelCase
		$27.IncludeInstanceMembers = True
		$27.IncludeStaticEntities = True
		$8.NamingRule = $28
		$28.Name = Type Parameters
		$28.RequiredPrefixes = $29
		$29.String = T
		$28.AffectedEntity = TypeParameter
		$28.VisibilityMask = VisibilityMask
		$28.NamingStyle = PascalCase
		$28.IncludeInstanceMembers = True
		$28.IncludeStaticEntities = True
		$0.VersionControlPolicy = $30
		$30.CommitMessageStyle = $31
		$31.LastFilePostfix = "@:\n  "
		$31.IncludeDirectoryPaths = True
		$30.inheritsSet = Mono
		$0.ChangeLogPolicy = $32
		$32.UpdateMode = None
		$32.MessageStyle = $33
		$33.LineAlign = 0
		$32.inheritsSet = Mono
		$0.DotNetNamingPolicy = $34
		$34.DirectoryNamespaceAssociation = PrefixedHierarchical
		$34.ResourceNamePolicy = FileFormatDefault
		$0.TextStylePolicy = $35
		$35.inheritsSet = null
		$35.scope = application/xml
		$0.XmlFormattingPolicy = $36
		$36.inheritsSet = Mono
		$36.inheritsScope = application/xml
		$36.scope = application/xml
	EndGlobalSection
EndGlobal
