
Microsoft Visual Studio Solution File, Format Version 11.00
# Visual Studio 2010
Project("{FAE04EC0-301F-11D3-BF4B-00C04F79EFBC}") = "BD2.Block", "BD2.Block\BD2.Block.csproj", "{DF473A42-B4ED-4A7C-9CC5-D6AB74B8A8C1}"
EndProject
Project("{FAE04EC0-301F-11D3-BF4B-00C04F79EFBC}") = "BD2.RawProxy", "BD2.RawProxy\BD2.RawProxy.csproj", "{C73FD016-664C-4888-86AA-1293FFC3E264}"
EndProject
Project("{FAE04EC0-301F-11D3-BF4B-00C04F79EFBC}") = "BD2.RawProxy.Compress", "BD2.RawProxy.Compress\BD2.RawProxy.Compress.csproj", "{9B5ABA79-CDA4-4762-B03E-1D04E79F8088}"
EndProject
Project("{FAE04EC0-301F-11D3-BF4B-00C04F79EFBC}") = "BD2.RawProxy.Crypto", "BD2.RawProxy.Crypto\BD2.RawProxy.Crypto.csproj", "{FFFF9B90-CB32-4841-B335-1F646B2A6FB8}"
EndProject
Project("{FAE04EC0-301F-11D3-BF4B-00C04F79EFBC}") = "BD2.Block.Daemon", "BD2.Block.Daemon\BD2.Block.Daemon.csproj", "{C60A5077-8EFF-4791-8AA2-89A2EBE58653}"
EndProject
Project("{FAE04EC0-301F-11D3-BF4B-00C04F79EFBC}") = "BD2.BloomFilter", "BD2.BloomFilter\BD2.BloomFilter.csproj", "{8167365B-7849-434A-A5EA-62BE332F523C}"
EndProject
Project("{FAE04EC0-301F-11D3-BF4B-00C04F79EFBC}") = "BD2.Certificate", "BD2.Certificate\BD2.Certificate.csproj", "{21BD725B-9821-4060-8C52-2AD018EADB25}"
EndProject
Project("{FAE04EC0-301F-11D3-BF4B-00C04F79EFBC}") = "leveldb-sharp", "leveldb-sharp\leveldb-sharp.csproj", "{8DD96596-38AC-46DD-80C1-75D9EBE585EA}"
EndProject
Project("{FAE04EC0-301F-11D3-BF4B-00C04F79EFBC}") = "BD2.CLI", "BD2.CLI\BD2.CLI.csproj", "{1BDB2273-537B-48F7-9317-1A1B8C6F1C62}"
EndProject
Project("{FAE04EC0-301F-11D3-BF4B-00C04F79EFBC}") = "BD2.Conv", "BD2.Conv\BD2.Conv.csproj", "{3AABD676-FFEA-4912-A1F2-ED4535961699}"
EndProject
Project("{FAE04EC0-301F-11D3-BF4B-00C04F79EFBC}") = "BD2.Conv.Generic.DataTranslator", "BD2.Conv.Generic.DataTranslator\BD2.Conv.Generic.DataTranslator.csproj", "{0E351074-E71D-449C-990C-93D93953D949}"
EndProject
Project("{FAE04EC0-301F-11D3-BF4B-00C04F79EFBC}") = "BD2.Conv.Generic.TableNameTranslator", "BD2.Conv.Generic.TableNameTranslator\BD2.Conv.Generic.TableNameTranslator.csproj", "{DD766E91-87CB-432F-A0E5-065C5D8ADE30}"
EndProject
Project("{FAE04EC0-301F-11D3-BF4B-00C04F79EFBC}") = "BD2.Conv.MSSQL", "BD2.Conv.MSSQL\BD2.Conv.MSSQL.csproj", "{84598FAA-8E5D-47A9-9463-AFB5A5FAD28F}"
EndProject
Project("{FAE04EC0-301F-11D3-BF4B-00C04F79EFBC}") = "BD2.Frontend.TextStream", "BD2.Frentend.TextStream\BD2.Frontend.TextStream.csproj", "{19E7BB88-BD82-4428-B256-6B8A7C8682B3}"
EndProject
Project("{FAE04EC0-301F-11D3-BF4B-00C04F79EFBC}") = "BD2.Frontend.Table", "BD2.Frontend.Table\BD2.Frontend.Table.csproj", "{285B9E10-0FC7-4D60-9D1D-5068E8963988}"
EndProject
Project("{FAE04EC0-301F-11D3-BF4B-00C04F79EFBC}") = "BD2.Frontend.Table.Model", "BD2.Frontend.Table.Model\BD2.Frontend.Table.Model.csproj", "{D89F122B-1806-4D93-8973-6A6C6DE34E88}"
EndProject
Project("{FAE04EC0-301F-11D3-BF4B-00C04F79EFBC}") = "BD2.Frontend.Table.Linq", "BD2.Frontend.Table.Linq\BD2.Frontend.Table.Linq.csproj", "{F1659C24-EB5A-4980-9891-6FCDE3FB496D}"
EndProject
Project("{FAE04EC0-301F-11D3-BF4B-00C04F79EFBC}") = "BD2.LockManager", "BD2.LockManager\BD2.LockManager.csproj", "{6938747E-45CF-4653-99C8-5D40E436E244}"
EndProject
Project("{FAE04EC0-301F-11D3-BF4B-00C04F79EFBC}") = "BD2.Repo.Net", "BD2.Repo.Net\BD2.Repo.Net.csproj", "{EB2ADDC8-0A70-47DD-881F-B836FD48DE5D}"
EndProject
Project("{FAE04EC0-301F-11D3-BF4B-00C04F79EFBC}") = "BD2.Repo.File", "BD2.Repo.File\BD2.Repo.File.csproj", "{7C75502F-DF43-42E9-95F4-F00B5D3774D3}"
EndProject
Project("{FAE04EC0-301F-11D3-BF4B-00C04F79EFBC}") = "BD2.Repo.LevelDB", "BD2.Repo.LevelDB\BD2.Repo.LevelDB.csproj", "{AD303744-084C-4FC6-84C9-46F6179C670C}"
EndProject
Project("{FAE04EC0-301F-11D3-BF4B-00C04F79EFBC}") = "Squad", "Squad\Squad.csproj", "{8179BF44-79F2-4A33-AA38-0872CCCBB85E}"
EndProject
Project("{FAE04EC0-301F-11D3-BF4B-00C04F79EFBC}") = "BD2.Core", "BD2.Core\BD2.Core.csproj", "{8D352784-ED9B-4C46-A5E9-B2E32481E25B}"
EndProject
Global
	GlobalSection(SolutionConfigurationPlatforms) = preSolution
		Debug|x86 = Debug|x86
		Release|x86 = Release|x86
		Debug|Win32 = Debug|Win32
		Release|Win32 = Release|Win32
	EndGlobalSection
	GlobalSection(ProjectConfigurationPlatforms) = postSolution
		{0E351074-E71D-449C-990C-93D93953D949}.Debug|Win32.ActiveCfg = Debug|Any CPU
		{0E351074-E71D-449C-990C-93D93953D949}.Debug|Win32.Build.0 = Debug|Any CPU
		{0E351074-E71D-449C-990C-93D93953D949}.Debug|x86.ActiveCfg = Debug|Any CPU
		{0E351074-E71D-449C-990C-93D93953D949}.Debug|x86.Build.0 = Debug|Any CPU
		{0E351074-E71D-449C-990C-93D93953D949}.Release|Win32.ActiveCfg = Release|Any CPU
		{0E351074-E71D-449C-990C-93D93953D949}.Release|Win32.Build.0 = Release|Any CPU
		{0E351074-E71D-449C-990C-93D93953D949}.Release|x86.ActiveCfg = Release|Any CPU
		{0E351074-E71D-449C-990C-93D93953D949}.Release|x86.Build.0 = Release|Any CPU
		{19E7BB88-BD82-4428-B256-6B8A7C8682B3}.Debug|Win32.ActiveCfg = Debug|Any CPU
		{19E7BB88-BD82-4428-B256-6B8A7C8682B3}.Debug|Win32.Build.0 = Debug|Any CPU
		{19E7BB88-BD82-4428-B256-6B8A7C8682B3}.Debug|x86.ActiveCfg = Debug|Any CPU
		{19E7BB88-BD82-4428-B256-6B8A7C8682B3}.Debug|x86.Build.0 = Debug|Any CPU
		{19E7BB88-BD82-4428-B256-6B8A7C8682B3}.Release|Win32.ActiveCfg = Release|Any CPU
		{19E7BB88-BD82-4428-B256-6B8A7C8682B3}.Release|Win32.Build.0 = Release|Any CPU
		{19E7BB88-BD82-4428-B256-6B8A7C8682B3}.Release|x86.ActiveCfg = Release|Any CPU
		{19E7BB88-BD82-4428-B256-6B8A7C8682B3}.Release|x86.Build.0 = Release|Any CPU
		{1BDB2273-537B-48F7-9317-1A1B8C6F1C62}.Debug|Win32.ActiveCfg = Debug|Any CPU
		{1BDB2273-537B-48F7-9317-1A1B8C6F1C62}.Debug|Win32.Build.0 = Debug|Any CPU
		{1BDB2273-537B-48F7-9317-1A1B8C6F1C62}.Debug|x86.ActiveCfg = Debug|Any CPU
		{1BDB2273-537B-48F7-9317-1A1B8C6F1C62}.Debug|x86.Build.0 = Debug|Any CPU
		{1BDB2273-537B-48F7-9317-1A1B8C6F1C62}.Release|Win32.ActiveCfg = Release|Any CPU
		{1BDB2273-537B-48F7-9317-1A1B8C6F1C62}.Release|Win32.Build.0 = Release|Any CPU
		{1BDB2273-537B-48F7-9317-1A1B8C6F1C62}.Release|x86.ActiveCfg = Release|Any CPU
		{1BDB2273-537B-48F7-9317-1A1B8C6F1C62}.Release|x86.Build.0 = Release|Any CPU
		{21BD725B-9821-4060-8C52-2AD018EADB25}.Debug|Win32.ActiveCfg = Debug|Any CPU
		{21BD725B-9821-4060-8C52-2AD018EADB25}.Debug|Win32.Build.0 = Debug|Any CPU
		{21BD725B-9821-4060-8C52-2AD018EADB25}.Debug|x86.ActiveCfg = Debug|Any CPU
		{21BD725B-9821-4060-8C52-2AD018EADB25}.Debug|x86.Build.0 = Debug|Any CPU
		{21BD725B-9821-4060-8C52-2AD018EADB25}.Release|Win32.ActiveCfg = Release|Any CPU
		{21BD725B-9821-4060-8C52-2AD018EADB25}.Release|Win32.Build.0 = Release|Any CPU
		{21BD725B-9821-4060-8C52-2AD018EADB25}.Release|x86.ActiveCfg = Release|Any CPU
		{21BD725B-9821-4060-8C52-2AD018EADB25}.Release|x86.Build.0 = Release|Any CPU
		{285B9E10-0FC7-4D60-9D1D-5068E8963988}.Debug|Win32.ActiveCfg = Debug|Any CPU
		{285B9E10-0FC7-4D60-9D1D-5068E8963988}.Debug|Win32.Build.0 = Debug|Any CPU
		{285B9E10-0FC7-4D60-9D1D-5068E8963988}.Debug|x86.ActiveCfg = Debug|Any CPU
		{285B9E10-0FC7-4D60-9D1D-5068E8963988}.Debug|x86.Build.0 = Debug|Any CPU
		{285B9E10-0FC7-4D60-9D1D-5068E8963988}.Release|Win32.ActiveCfg = Release|Any CPU
		{285B9E10-0FC7-4D60-9D1D-5068E8963988}.Release|Win32.Build.0 = Release|Any CPU
		{285B9E10-0FC7-4D60-9D1D-5068E8963988}.Release|x86.ActiveCfg = Release|Any CPU
		{285B9E10-0FC7-4D60-9D1D-5068E8963988}.Release|x86.Build.0 = Release|Any CPU
		{3AABD676-FFEA-4912-A1F2-ED4535961699}.Debug|Win32.ActiveCfg = Debug|Win32
		{3AABD676-FFEA-4912-A1F2-ED4535961699}.Debug|Win32.Build.0 = Debug|Win32
		{3AABD676-FFEA-4912-A1F2-ED4535961699}.Debug|x86.ActiveCfg = Debug|Win32
		{3AABD676-FFEA-4912-A1F2-ED4535961699}.Debug|x86.Build.0 = Debug|Win32
		{3AABD676-FFEA-4912-A1F2-ED4535961699}.Release|Win32.ActiveCfg = Release|Win32
		{3AABD676-FFEA-4912-A1F2-ED4535961699}.Release|Win32.Build.0 = Release|Win32
		{3AABD676-FFEA-4912-A1F2-ED4535961699}.Release|x86.ActiveCfg = Release|Win32
		{3AABD676-FFEA-4912-A1F2-ED4535961699}.Release|x86.Build.0 = Release|Win32
		{6938747E-45CF-4653-99C8-5D40E436E244}.Debug|Win32.ActiveCfg = Debug|Any CPU
		{6938747E-45CF-4653-99C8-5D40E436E244}.Debug|Win32.Build.0 = Debug|Any CPU
		{6938747E-45CF-4653-99C8-5D40E436E244}.Debug|x86.ActiveCfg = Debug|Any CPU
		{6938747E-45CF-4653-99C8-5D40E436E244}.Debug|x86.Build.0 = Debug|Any CPU
		{6938747E-45CF-4653-99C8-5D40E436E244}.Release|Win32.ActiveCfg = Release|Any CPU
		{6938747E-45CF-4653-99C8-5D40E436E244}.Release|Win32.Build.0 = Release|Any CPU
		{6938747E-45CF-4653-99C8-5D40E436E244}.Release|x86.ActiveCfg = Release|Any CPU
		{6938747E-45CF-4653-99C8-5D40E436E244}.Release|x86.Build.0 = Release|Any CPU
		{7C75502F-DF43-42E9-95F4-F00B5D3774D3}.Debug|Win32.ActiveCfg = Debug|Any CPU
		{7C75502F-DF43-42E9-95F4-F00B5D3774D3}.Debug|Win32.Build.0 = Debug|Any CPU
		{7C75502F-DF43-42E9-95F4-F00B5D3774D3}.Debug|x86.ActiveCfg = Debug|Any CPU
		{7C75502F-DF43-42E9-95F4-F00B5D3774D3}.Debug|x86.Build.0 = Debug|Any CPU
		{7C75502F-DF43-42E9-95F4-F00B5D3774D3}.Release|Win32.ActiveCfg = Release|Any CPU
		{7C75502F-DF43-42E9-95F4-F00B5D3774D3}.Release|Win32.Build.0 = Release|Any CPU
		{7C75502F-DF43-42E9-95F4-F00B5D3774D3}.Release|x86.ActiveCfg = Release|Any CPU
		{7C75502F-DF43-42E9-95F4-F00B5D3774D3}.Release|x86.Build.0 = Release|Any CPU
		{8167365B-7849-434A-A5EA-62BE332F523C}.Debug|Win32.ActiveCfg = Debug|Any CPU
		{8167365B-7849-434A-A5EA-62BE332F523C}.Debug|Win32.Build.0 = Debug|Any CPU
		{8167365B-7849-434A-A5EA-62BE332F523C}.Debug|x86.ActiveCfg = Debug|Any CPU
		{8167365B-7849-434A-A5EA-62BE332F523C}.Debug|x86.Build.0 = Debug|Any CPU
		{8167365B-7849-434A-A5EA-62BE332F523C}.Release|Win32.ActiveCfg = Release|Any CPU
		{8167365B-7849-434A-A5EA-62BE332F523C}.Release|Win32.Build.0 = Release|Any CPU
		{8167365B-7849-434A-A5EA-62BE332F523C}.Release|x86.ActiveCfg = Release|Any CPU
		{8167365B-7849-434A-A5EA-62BE332F523C}.Release|x86.Build.0 = Release|Any CPU
		{8179BF44-79F2-4A33-AA38-0872CCCBB85E}.Debug|Win32.ActiveCfg = Debug|Any CPU
		{8179BF44-79F2-4A33-AA38-0872CCCBB85E}.Debug|Win32.Build.0 = Debug|Any CPU
		{8179BF44-79F2-4A33-AA38-0872CCCBB85E}.Debug|x86.ActiveCfg = Debug|Any CPU
		{8179BF44-79F2-4A33-AA38-0872CCCBB85E}.Debug|x86.Build.0 = Debug|Any CPU
		{8179BF44-79F2-4A33-AA38-0872CCCBB85E}.Release|Win32.ActiveCfg = Release|Any CPU
		{8179BF44-79F2-4A33-AA38-0872CCCBB85E}.Release|Win32.Build.0 = Release|Any CPU
		{8179BF44-79F2-4A33-AA38-0872CCCBB85E}.Release|x86.ActiveCfg = Release|Any CPU
		{8179BF44-79F2-4A33-AA38-0872CCCBB85E}.Release|x86.Build.0 = Release|Any CPU
		{84598FAA-8E5D-47A9-9463-AFB5A5FAD28F}.Debug|Win32.ActiveCfg = Debug|Any CPU
		{84598FAA-8E5D-47A9-9463-AFB5A5FAD28F}.Debug|Win32.Build.0 = Debug|Any CPU
		{84598FAA-8E5D-47A9-9463-AFB5A5FAD28F}.Debug|x86.ActiveCfg = Debug|Any CPU
		{84598FAA-8E5D-47A9-9463-AFB5A5FAD28F}.Debug|x86.Build.0 = Debug|Any CPU
		{84598FAA-8E5D-47A9-9463-AFB5A5FAD28F}.Release|Win32.ActiveCfg = Release|Any CPU
		{84598FAA-8E5D-47A9-9463-AFB5A5FAD28F}.Release|Win32.Build.0 = Release|Any CPU
		{84598FAA-8E5D-47A9-9463-AFB5A5FAD28F}.Release|x86.ActiveCfg = Release|Any CPU
		{84598FAA-8E5D-47A9-9463-AFB5A5FAD28F}.Release|x86.Build.0 = Release|Any CPU
		{8D352784-ED9B-4C46-A5E9-B2E32481E25B}.Debug|Win32.ActiveCfg = Debug|Any CPU
		{8D352784-ED9B-4C46-A5E9-B2E32481E25B}.Debug|Win32.Build.0 = Debug|Any CPU
		{8D352784-ED9B-4C46-A5E9-B2E32481E25B}.Debug|x86.ActiveCfg = Debug|Any CPU
		{8D352784-ED9B-4C46-A5E9-B2E32481E25B}.Debug|x86.Build.0 = Debug|Any CPU
		{8D352784-ED9B-4C46-A5E9-B2E32481E25B}.Release|Win32.ActiveCfg = Release|Any CPU
		{8D352784-ED9B-4C46-A5E9-B2E32481E25B}.Release|Win32.Build.0 = Release|Any CPU
		{8D352784-ED9B-4C46-A5E9-B2E32481E25B}.Release|x86.ActiveCfg = Release|Any CPU
		{8D352784-ED9B-4C46-A5E9-B2E32481E25B}.Release|x86.Build.0 = Release|Any CPU
		{8DD96596-38AC-46DD-80C1-75D9EBE585EA}.Debug|Win32.ActiveCfg = Debug|Any CPU
		{8DD96596-38AC-46DD-80C1-75D9EBE585EA}.Debug|Win32.Build.0 = Debug|Any CPU
		{8DD96596-38AC-46DD-80C1-75D9EBE585EA}.Debug|x86.ActiveCfg = Debug|Any CPU
		{8DD96596-38AC-46DD-80C1-75D9EBE585EA}.Debug|x86.Build.0 = Debug|Any CPU
		{8DD96596-38AC-46DD-80C1-75D9EBE585EA}.Release|Win32.ActiveCfg = Release|Any CPU
		{8DD96596-38AC-46DD-80C1-75D9EBE585EA}.Release|Win32.Build.0 = Release|Any CPU
		{8DD96596-38AC-46DD-80C1-75D9EBE585EA}.Release|x86.ActiveCfg = Release|Any CPU
		{8DD96596-38AC-46DD-80C1-75D9EBE585EA}.Release|x86.Build.0 = Release|Any CPU
		{9B5ABA79-CDA4-4762-B03E-1D04E79F8088}.Debug|Win32.ActiveCfg = Debug|Any CPU
		{9B5ABA79-CDA4-4762-B03E-1D04E79F8088}.Debug|Win32.Build.0 = Debug|Any CPU
		{9B5ABA79-CDA4-4762-B03E-1D04E79F8088}.Debug|x86.ActiveCfg = Debug|Any CPU
		{9B5ABA79-CDA4-4762-B03E-1D04E79F8088}.Debug|x86.Build.0 = Debug|Any CPU
		{9B5ABA79-CDA4-4762-B03E-1D04E79F8088}.Release|Win32.ActiveCfg = Release|Any CPU
		{9B5ABA79-CDA4-4762-B03E-1D04E79F8088}.Release|Win32.Build.0 = Release|Any CPU
		{9B5ABA79-CDA4-4762-B03E-1D04E79F8088}.Release|x86.ActiveCfg = Release|Any CPU
		{9B5ABA79-CDA4-4762-B03E-1D04E79F8088}.Release|x86.Build.0 = Release|Any CPU
		{AD303744-084C-4FC6-84C9-46F6179C670C}.Debug|Win32.ActiveCfg = Debug|Any CPU
		{AD303744-084C-4FC6-84C9-46F6179C670C}.Debug|Win32.Build.0 = Debug|Any CPU
		{AD303744-084C-4FC6-84C9-46F6179C670C}.Debug|x86.ActiveCfg = Debug|Any CPU
		{AD303744-084C-4FC6-84C9-46F6179C670C}.Debug|x86.Build.0 = Debug|Any CPU
		{AD303744-084C-4FC6-84C9-46F6179C670C}.Release|Win32.ActiveCfg = Release|Any CPU
		{AD303744-084C-4FC6-84C9-46F6179C670C}.Release|Win32.Build.0 = Release|Any CPU
		{AD303744-084C-4FC6-84C9-46F6179C670C}.Release|x86.ActiveCfg = Release|Any CPU
		{AD303744-084C-4FC6-84C9-46F6179C670C}.Release|x86.Build.0 = Release|Any CPU
		{C60A5077-8EFF-4791-8AA2-89A2EBE58653}.Debug|Win32.ActiveCfg = Debug|Any CPU
		{C60A5077-8EFF-4791-8AA2-89A2EBE58653}.Debug|Win32.Build.0 = Debug|Any CPU
		{C60A5077-8EFF-4791-8AA2-89A2EBE58653}.Debug|x86.ActiveCfg = Debug|Any CPU
		{C60A5077-8EFF-4791-8AA2-89A2EBE58653}.Debug|x86.Build.0 = Debug|Any CPU
		{C60A5077-8EFF-4791-8AA2-89A2EBE58653}.Release|Win32.ActiveCfg = Release|Any CPU
		{C60A5077-8EFF-4791-8AA2-89A2EBE58653}.Release|Win32.Build.0 = Release|Any CPU
		{C60A5077-8EFF-4791-8AA2-89A2EBE58653}.Release|x86.ActiveCfg = Release|Any CPU
		{C60A5077-8EFF-4791-8AA2-89A2EBE58653}.Release|x86.Build.0 = Release|Any CPU
		{C73FD016-664C-4888-86AA-1293FFC3E264}.Debug|Win32.ActiveCfg = Debug|Any CPU
		{C73FD016-664C-4888-86AA-1293FFC3E264}.Debug|Win32.Build.0 = Debug|Any CPU
		{C73FD016-664C-4888-86AA-1293FFC3E264}.Debug|x86.ActiveCfg = Debug|Any CPU
		{C73FD016-664C-4888-86AA-1293FFC3E264}.Debug|x86.Build.0 = Debug|Any CPU
		{C73FD016-664C-4888-86AA-1293FFC3E264}.Release|Win32.ActiveCfg = Release|Any CPU
		{C73FD016-664C-4888-86AA-1293FFC3E264}.Release|Win32.Build.0 = Release|Any CPU
		{C73FD016-664C-4888-86AA-1293FFC3E264}.Release|x86.ActiveCfg = Release|Any CPU
		{C73FD016-664C-4888-86AA-1293FFC3E264}.Release|x86.Build.0 = Release|Any CPU
		{D89F122B-1806-4D93-8973-6A6C6DE34E88}.Debug|Win32.ActiveCfg = Debug|Any CPU
		{D89F122B-1806-4D93-8973-6A6C6DE34E88}.Debug|Win32.Build.0 = Debug|Any CPU
		{D89F122B-1806-4D93-8973-6A6C6DE34E88}.Debug|x86.ActiveCfg = Debug|Any CPU
		{D89F122B-1806-4D93-8973-6A6C6DE34E88}.Debug|x86.Build.0 = Debug|Any CPU
		{D89F122B-1806-4D93-8973-6A6C6DE34E88}.Release|Win32.ActiveCfg = Release|Any CPU
		{D89F122B-1806-4D93-8973-6A6C6DE34E88}.Release|Win32.Build.0 = Release|Any CPU
		{D89F122B-1806-4D93-8973-6A6C6DE34E88}.Release|x86.ActiveCfg = Release|Any CPU
		{D89F122B-1806-4D93-8973-6A6C6DE34E88}.Release|x86.Build.0 = Release|Any CPU
		{DD766E91-87CB-432F-A0E5-065C5D8ADE30}.Debug|Win32.ActiveCfg = Debug|Any CPU
		{DD766E91-87CB-432F-A0E5-065C5D8ADE30}.Debug|Win32.Build.0 = Debug|Any CPU
		{DD766E91-87CB-432F-A0E5-065C5D8ADE30}.Debug|x86.ActiveCfg = Debug|Any CPU
		{DD766E91-87CB-432F-A0E5-065C5D8ADE30}.Debug|x86.Build.0 = Debug|Any CPU
		{DD766E91-87CB-432F-A0E5-065C5D8ADE30}.Release|Win32.ActiveCfg = Release|Any CPU
		{DD766E91-87CB-432F-A0E5-065C5D8ADE30}.Release|Win32.Build.0 = Release|Any CPU
		{DD766E91-87CB-432F-A0E5-065C5D8ADE30}.Release|x86.ActiveCfg = Release|Any CPU
		{DD766E91-87CB-432F-A0E5-065C5D8ADE30}.Release|x86.Build.0 = Release|Any CPU
		{DF473A42-B4ED-4A7C-9CC5-D6AB74B8A8C1}.Debug|Win32.ActiveCfg = Debug|Any CPU
		{DF473A42-B4ED-4A7C-9CC5-D6AB74B8A8C1}.Debug|Win32.Build.0 = Debug|Any CPU
		{DF473A42-B4ED-4A7C-9CC5-D6AB74B8A8C1}.Debug|x86.ActiveCfg = Debug|Any CPU
		{DF473A42-B4ED-4A7C-9CC5-D6AB74B8A8C1}.Debug|x86.Build.0 = Debug|Any CPU
		{DF473A42-B4ED-4A7C-9CC5-D6AB74B8A8C1}.Release|Win32.ActiveCfg = Release|Any CPU
		{DF473A42-B4ED-4A7C-9CC5-D6AB74B8A8C1}.Release|Win32.Build.0 = Release|Any CPU
		{DF473A42-B4ED-4A7C-9CC5-D6AB74B8A8C1}.Release|x86.ActiveCfg = Release|Any CPU
		{DF473A42-B4ED-4A7C-9CC5-D6AB74B8A8C1}.Release|x86.Build.0 = Release|Any CPU
		{EB2ADDC8-0A70-47DD-881F-B836FD48DE5D}.Debug|Win32.ActiveCfg = Debug|Any CPU
		{EB2ADDC8-0A70-47DD-881F-B836FD48DE5D}.Debug|Win32.Build.0 = Debug|Any CPU
		{EB2ADDC8-0A70-47DD-881F-B836FD48DE5D}.Debug|x86.ActiveCfg = Debug|Any CPU
		{EB2ADDC8-0A70-47DD-881F-B836FD48DE5D}.Debug|x86.Build.0 = Debug|Any CPU
		{EB2ADDC8-0A70-47DD-881F-B836FD48DE5D}.Release|Win32.ActiveCfg = Release|Any CPU
		{EB2ADDC8-0A70-47DD-881F-B836FD48DE5D}.Release|Win32.Build.0 = Release|Any CPU
		{EB2ADDC8-0A70-47DD-881F-B836FD48DE5D}.Release|x86.ActiveCfg = Release|Any CPU
		{EB2ADDC8-0A70-47DD-881F-B836FD48DE5D}.Release|x86.Build.0 = Release|Any CPU
		{F1659C24-EB5A-4980-9891-6FCDE3FB496D}.Debug|Win32.ActiveCfg = Debug|Any CPU
		{F1659C24-EB5A-4980-9891-6FCDE3FB496D}.Debug|Win32.Build.0 = Debug|Any CPU
		{F1659C24-EB5A-4980-9891-6FCDE3FB496D}.Debug|x86.ActiveCfg = Debug|Any CPU
		{F1659C24-EB5A-4980-9891-6FCDE3FB496D}.Debug|x86.Build.0 = Debug|Any CPU
		{F1659C24-EB5A-4980-9891-6FCDE3FB496D}.Release|Win32.ActiveCfg = Release|Any CPU
		{F1659C24-EB5A-4980-9891-6FCDE3FB496D}.Release|Win32.Build.0 = Release|Any CPU
		{F1659C24-EB5A-4980-9891-6FCDE3FB496D}.Release|x86.ActiveCfg = Release|Any CPU
		{F1659C24-EB5A-4980-9891-6FCDE3FB496D}.Release|x86.Build.0 = Release|Any CPU
		{FFFF9B90-CB32-4841-B335-1F646B2A6FB8}.Debug|Win32.ActiveCfg = Debug|Any CPU
		{FFFF9B90-CB32-4841-B335-1F646B2A6FB8}.Debug|Win32.Build.0 = Debug|Any CPU
		{FFFF9B90-CB32-4841-B335-1F646B2A6FB8}.Debug|x86.ActiveCfg = Debug|Any CPU
		{FFFF9B90-CB32-4841-B335-1F646B2A6FB8}.Debug|x86.Build.0 = Debug|Any CPU
		{FFFF9B90-CB32-4841-B335-1F646B2A6FB8}.Release|Win32.ActiveCfg = Release|Any CPU
		{FFFF9B90-CB32-4841-B335-1F646B2A6FB8}.Release|Win32.Build.0 = Release|Any CPU
		{FFFF9B90-CB32-4841-B335-1F646B2A6FB8}.Release|x86.ActiveCfg = Release|Any CPU
		{FFFF9B90-CB32-4841-B335-1F646B2A6FB8}.Release|x86.Build.0 = Release|Any CPU
	EndGlobalSection
	GlobalSection(MonoDevelopProperties) = preSolution
		StartupItem = BD2.Block\BD2.Block.csproj
	EndGlobalSection
EndGlobal
